{
    "name": "ai-investigator",
    "version": "1.0.0",
    "lockfileVersion": 3,
    "requires": true,
    "packages": {
        "": {
            "name": "ai-investigator",
            "version": "1.0.0",
            "bin": {
                "ai-investigator": "backend/dist/server.js"
            }
        }
    }
}
